PODS:
  - agora_rtc_engine (6.6.3):
    - AgoraIrisRTC_iOS2 (= 4.6.2-build.1)
    - AgoraVideo_Special_iOS (= 4.6.2.70)
    - Flutter
  - AgoraIrisRTC_iOS2 (4.6.2-build.1)
  - AgoraVideo_Special_iOS (4.6.2.70)
  - audioplayers_darwin (0.0.1):
    - Flutter
    - FlutterMacOS
  - connectivity_plus (0.0.1):
    - Flutter
  - file_picker (0.0.1):
    - Flutter
    - FlutterMacOS
  - file_selector_ios (0.0.1):
    - Flutter
  - Flutter (1.0.0)
  - flutter_native_ocr (0.1.0):
    - Flutter
  - flutter_secure_storage_darwin (10.0.0):
    - Flutter
    - FlutterMacOS
  - flutter_tts (0.0.1):
    - Flutter
  - fluttertoast (0.0.2):
    - Flutter
  - image_picker_ios (0.0.1):
    - Flutter
  - in_app_purchase_storekit (0.0.1):
    - Flutter
    - FlutterMacOS
  - integration_test (0.0.1):
    - Flutter
  - iris_method_channel (0.0.1):
    - Flutter
  - pdfium_flutter (0.1.5):
    - Flutter
    - FlutterMacOS
  - permission_handler_apple (9.4.8):
    - Flutter
  - photo_manager (3.10.0):
    - Flutter
    - FlutterMacOS
  - shared_preferences_foundation (0.0.1):
    - Flutter
    - FlutterMacOS
  - sqflite_darwin (0.0.4):
    - Flutter
    - FlutterMacOS
  - url_launcher_ios (0.0.1):
    - Flutter
  - video_player_avfoundation (0.0.1):
    - Flutter
    - FlutterMacOS

DEPENDENCIES:
  - agora_rtc_engine (from `.symlinks/plugins/agora_rtc_engine/ios`)
  - audioplayers_darwin (from `.symlinks/plugins/audioplayers_darwin/darwin`)
  - connectivity_plus (from `.symlinks/plugins/connectivity_plus/ios`)
  - file_picker (from `.symlinks/plugins/file_picker/darwin`)
  - file_selector_ios (from `.symlinks/plugins/file_selector_ios/ios`)
  - Flutter (from `Flutter`)
  - flutter_native_ocr (from `.symlinks/plugins/flutter_native_ocr/ios`)
  - flutter_secure_storage_darwin (from `.symlinks/plugins/flutter_secure_storage_darwin/darwin`)
  - flutter_tts (from `.symlinks/plugins/flutter_tts/ios`)
  - fluttertoast (from `.symlinks/plugins/fluttertoast/ios`)
  - image_picker_ios (from `.symlinks/plugins/image_picker_ios/ios`)
  - in_app_purchase_storekit (from `.symlinks/plugins/in_app_purchase_storekit/darwin`)
  - integration_test (from `.symlinks/plugins/integration_test/ios`)
  - iris_method_channel (from `.symlinks/plugins/iris_method_channel/ios`)
  - pdfium_flutter (from `.symlinks/plugins/pdfium_flutter/darwin`)
  - permission_handler_apple (from `.symlinks/plugins/permission_handler_apple/ios`)
  - photo_manager (from `.symlinks/plugins/photo_manager/darwin`)
  - shared_preferences_foundation (from `.symlinks/plugins/shared_preferences_foundation/darwin`)
  - sqflite_darwin (from `.symlinks/plugins/sqflite_darwin/darwin`)
  - url_launcher_ios (from `.symlinks/plugins/url_launcher_ios/ios`)
  - video_player_avfoundation (from `.symlinks/plugins/video_player_avfoundation/darwin`)

SPEC REPOS:
  trunk:
    - AgoraIrisRTC_iOS2
    - AgoraVideo_Special_iOS

EXTERNAL SOURCES:
  agora_rtc_engine:
    :path: ".symlinks/plugins/agora_rtc_engine/ios"
  audioplayers_darwin:
    :path: ".symlinks/plugins/audioplayers_darwin/darwin"
  connectivity_plus:
    :path: ".symlinks/plugins/connectivity_plus/ios"
  file_picker:
    :path: ".symlinks/plugins/file_picker/darwin"
  file_selector_ios:
    :path: ".symlinks/plugins/file_selector_ios/ios"
  Flutter:
    :path: Flutter
  flutter_native_ocr:
    :path: ".symlinks/plugins/flutter_native_ocr/ios"
  flutter_secure_storage_darwin:
    :path: ".symlinks/plugins/flutter_secure_storage_darwin/darwin"
  flutter_tts:
    :path: ".symlinks/plugins/flutter_tts/ios"
  fluttertoast:
    :path: ".symlinks/plugins/fluttertoast/ios"
  image_picker_ios:
    :path: ".symlinks/plugins/image_picker_ios/ios"
  in_app_purchase_storekit:
    :path: ".symlinks/plugins/in_app_purchase_storekit/darwin"
  integration_test:
    :path: ".symlinks/plugins/integration_test/ios"
  iris_method_channel:
    :path: ".symlinks/plugins/iris_method_channel/ios"
  pdfium_flutter:
    :path: ".symlinks/plugins/pdfium_flutter/darwin"
  permission_handler_apple:
    :path: ".symlinks/plugins/permission_handler_apple/ios"
  photo_manager:
    :path: ".symlinks/plugins/photo_manager/darwin"
  shared_preferences_foundation:
    :path: ".symlinks/plugins/shared_preferences_foundation/darwin"
  sqflite_darwin:
    :path: ".symlinks/plugins/sqflite_darwin/darwin"
  url_launcher_ios:
    :path: ".symlinks/plugins/url_launcher_ios/ios"
  video_player_avfoundation:
    :path: ".symlinks/plugins/video_player_avfoundation/darwin"

SPEC CHECKSUMS:
  agora_rtc_engine: eb07ef3cf67c06a20fbdfc7f67b09c5ffb4be324
  AgoraIrisRTC_iOS2: 13996c3c78134da357634f6a1a12741436658886
  AgoraVideo_Special_iOS: 9bd42c487f936f4d335d5630e2632f0b08e214f5
  audioplayers_darwin: 835ced6edd4c9fc8ebb0a7cc9e294a91d99917d5
  connectivity_plus: cb623214f4e1f6ef8fe7403d580fdad517d2f7dd
  file_picker: 70164d9778c42c47218d6cd79ce435de0856b11a
  file_selector_ios: ec57ec07954363dd730b642e765e58f199bb621a
  Flutter: cabc95a1d2626b1b06e7179b784ebcf0c0cde467
  flutter_native_ocr: 1e4fcb4e2509f437e7898496245194648dd41fc0
  flutter_secure_storage_darwin: acdb3f316ed05a3e68f856e0353b133eec373a23
  flutter_tts: 35ac3c7d42412733e795ea96ad2d7e05d0a75113
  fluttertoast: fe6790210fdba20801685be946e3a2124b72eef5
  image_picker_ios: e0ece4aa2a75771a7de3fa735d26d90817041326
  in_app_purchase_storekit: 22cca7d08eebca9babdf4d07d0baccb73325d3c8
  integration_test: 4a889634ef21a45d28d50d622cf412dc6d9f586e
  iris_method_channel: 7d661cf3259b3009ae423508470dbeb9374446ee
  pdfium_flutter: e5a6e881af0b182d5b0465ebad23a8a20caa28d4
  permission_handler_apple: 92d754bbaa7361d436db2d6c3c1c2a0fdcec462e
  photo_manager: 93cc83778e33d5fd49dfd7e34b73f8f5a4f10aaf
  shared_preferences_foundation: 7036424c3d8ec98dfe75ff1667cb0cd531ec82bb
  sqflite_darwin: 20b2a3a3b70e43edae938624ce550a3cbf66a3d0
  url_launcher_ios: 7a95fa5b60cc718a708b8f2966718e93db0cef1b
  video_player_avfoundation: 3453f792138786248960ca029747fcd9f318ef52

PODFILE CHECKSUM: 7441dc017bbc9cce58886df762092500a203dcd9

COCOAPODS: 1.16.2
